{
  "name": "fuse_shift",
  "requires": true,
  "lockfileVersion": 1,
  "dependencies": {
    "zebra_datepicker": {
      "version": "1.9.10",
      "resolved": "https://registry.npmjs.org/zebra_datepicker/-/zebra_datepicker-1.9.10.tgz",
      "integrity": "sha1-9tU2EUPjXCHPr04S6x4c3GA7Wuw="
    }
  }
}
